// !$*UTF8*$!
{
	archiveVersion = 1;
	classes = {
	};
	objectVersion = 46;
	objects = {

/* Begin PBXBuildFile section */
		E016E3D31F298D6C00E97567 /* ZFCollectionViewFlowLayout.m in Sources */ = {isa = PBXBuildFile; fileRef = E016E3D21F298D6C00E97567 /* ZFCollectionViewFlowLayout.m */; };
		E07FB8B61F207F0A00711EEF /* main.m in Sources */ = {isa = PBXBuildFile; fileRef = E07FB8B51F207F0A00711EEF /* main.m */; };
		E07FB8B91F207F0A00711EEF /* AppDelegate.m in Sources */ = {isa = PBXBuildFile; fileRef = E07FB8B81F207F0A00711EEF /* AppDelegate.m */; };
		E07FB8BC1F207F0A00711EEF /* ViewController.m in Sources */ = {isa = PBXBuildFile; fileRef = E07FB8BB1F207F0A00711EEF /* ViewController.m */; };
		E07FB8BF1F207F0A00711EEF /* Main.storyboard in Resources */ = {isa = PBXBuildFile; fileRef = E07FB8BD1F207F0A00711EEF /* Main.storyboard */; };
		E07FB8C11F207F0A00711EEF /* Assets.xcassets in Resources */ = {isa = PBXBuildFile; fileRef = E07FB8C01F207F0A00711EEF /* Assets.xcassets */; };
		E07FB8C41F207F0A00711EEF /* LaunchScreen.storyboard in Resources */ = {isa = PBXBuildFile; fileRef = E07FB8C21F207F0A00711EEF /* LaunchScreen.storyboard */; };
		E07FB8CF1F207F0B00711EEF /* ZFSearchBarViewControllerTests.m in Sources */ = {isa = PBXBuildFile; fileRef = E07FB8CE1F207F0B00711EEF /* ZFSearchBarViewControllerTests.m */; };
		E07FB8DA1F207F0B00711EEF /* ZFSearchBarViewControllerUITests.m in Sources */ = {isa = PBXBuildFile; fileRef = E07FB8D91F207F0B00711EEF /* ZFSearchBarViewControllerUITests.m */; };
		E07FB8EC1F2082F200711EEF /* ZFShowTableViewCell.m in Sources */ = {isa = PBXBuildFile; fileRef = E07FB8EB1F2082F200711EEF /* ZFShowTableViewCell.m */; };
		E09E4FBE1F2B0E7B005A842A /* ZFLayoutView.m in Sources */ = {isa = PBXBuildFile; fileRef = E09E4FBD1F2B0E7B005A842A /* ZFLayoutView.m */; };
		E0B318AB1F2ED73700E31572 /* ZFHotTableViewCell.m in Sources */ = {isa = PBXBuildFile; fileRef = E0B318AA1F2ED73700E31572 /* ZFHotTableViewCell.m */; };
		E0EE78AB1F30609A00EFC393 /* ZFSearchResultTableViewController.m in Sources */ = {isa = PBXBuildFile; fileRef = E0EE789D1F30609A00EFC393 /* ZFSearchResultTableViewController.m */; };
		E0EE78AC1F30609A00EFC393 /* ZFSearchViewController.m in Sources */ = {isa = PBXBuildFile; fileRef = E0EE789F1F30609A00EFC393 /* ZFSearchViewController.m */; };
		E0EE78AD1F30609A00EFC393 /* ZFCollectionViewCell.m in Sources */ = {isa = PBXBuildFile; fileRef = E0EE78A21F30609A00EFC393 /* ZFCollectionViewCell.m */; };
		E0EE78AE1F30609A00EFC393 /* ZFHeadView.m in Sources */ = {isa = PBXBuildFile; fileRef = E0EE78A41F30609A00EFC393 /* ZFHeadView.m */; };
		E0EE78AF1F30609A00EFC393 /* ZFTagCollectionLayout.m in Sources */ = {isa = PBXBuildFile; fileRef = E0EE78A71F30609A00EFC393 /* ZFTagCollectionLayout.m */; };
		E0EE78B01F30609A00EFC393 /* ZFSectionModel.m in Sources */ = {isa = PBXBuildFile; fileRef = E0EE78AA1F30609A00EFC393 /* ZFSectionModel.m */; };
/* End PBXBuildFile section */

/* Begin PBXContainerItemProxy section */
		E07FB8CB1F207F0A00711EEF /* PBXContainerItemProxy */ = {
			isa = PBXContainerItemProxy;
			containerPortal = E07FB8A91F207F0A00711EEF /* Project object */;
			proxyType = 1;
			remoteGlobalIDString = E07FB8B01F207F0A00711EEF;
			remoteInfo = ZFSearchBarViewController;
		};
		E07FB8D61F207F0B00711EEF /* PBXContainerItemProxy */ = {
			isa = PBXContainerItemProxy;
			containerPortal = E07FB8A91F207F0A00711EEF /* Project object */;
			proxyType = 1;
			remoteGlobalIDString = E07FB8B01F207F0A00711EEF;
			remoteInfo = ZFSearchBarViewController;
		};
/* End PBXContainerItemProxy section */

/* Begin PBXFileReference section */
		E016E3D11F298D6C00E97567 /* ZFCollectionViewFlowLayout.h */ = {isa = PBXFileReference; fileEncoding = 4; lastKnownFileType = sourcecode.c.h; path = ZFCollectionViewFlowLayout.h; sourceTree = "<group>"; };
		E016E3D21F298D6C00E97567 /* ZFCollectionViewFlowLayout.m */ = {isa = PBXFileReference; fileEncoding = 4; lastKnownFileType = sourcecode.c.objc; path = ZFCollectionViewFlowLayout.m; sourceTree = "<group>"; };
		E07FB8B11F207F0A00711EEF /* ZFSearchBarViewController.app */ = {isa = PBXFileReference; explicitFileType = wrapper.application; includeInIndex = 0; path = ZFSearchBarViewController.app; sourceTree = BUILT_PRODUCTS_DIR; };
		E07FB8B51F207F0A00711EEF /* main.m */ = {isa = PBXFileReference; lastKnownFileType = sourcecode.c.objc; path = main.m; sourceTree = "<group>"; };
		E07FB8B71F207F0A00711EEF /* AppDelegate.h */ = {isa = PBXFileReference; lastKnownFileType = sourcecode.c.h; path = AppDelegate.h; sourceTree = "<group>"; };
		E07FB8B81F207F0A00711EEF /* AppDelegate.m */ = {isa = PBXFileReference; lastKnownFileType = sourcecode.c.objc; path = AppDelegate.m; sourceTree = "<group>"; };
		E07FB8BA1F207F0A00711EEF /* ViewController.h */ = {isa = PBXFileReference; lastKnownFileType = sourcecode.c.h; path = ViewController.h; sourceTree = "<group>"; };
		E07FB8BB1F207F0A00711EEF /* ViewController.m */ = {isa = PBXFileReference; lastKnownFileType = sourcecode.c.objc; path = ViewController.m; sourceTree = "<group>"; };
		E07FB8BE1F207F0A00711EEF /* Base */ = {isa = PBXFileReference; lastKnownFileType = file.storyboard; name = Base; path = Base.lproj/Main.storyboard; sourceTree = "<group>"; };
		E07FB8C01F207F0A00711EEF /* Assets.xcassets */ = {isa = PBXFileReference; lastKnownFileType = folder.assetcatalog; path = Assets.xcassets; sourceTree = "<group>"; };
		E07FB8C31F207F0A00711EEF /* Base */ = {isa = PBXFileReference; lastKnownFileType = file.storyboard; name = Base; path = Base.lproj/LaunchScreen.storyboard; sourceTree = "<group>"; };
		E07FB8C51F207F0A00711EEF /* Info.plist */ = {isa = PBXFileReference; lastKnownFileType = text.plist.xml; path = Info.plist; sourceTree = "<group>"; };
		E07FB8CA1F207F0A00711EEF /* ZFSearchBarViewControllerTests.xctest */ = {isa = PBXFileReference; explicitFileType = wrapper.cfbundle; includeInIndex = 0; path = ZFSearchBarViewControllerTests.xctest; sourceTree = BUILT_PRODUCTS_DIR; };
		E07FB8CE1F207F0B00711EEF /* ZFSearchBarViewControllerTests.m */ = {isa = PBXFileReference; lastKnownFileType = sourcecode.c.objc; path = ZFSearchBarViewControllerTests.m; sourceTree = "<group>"; };
		E07FB8D01F207F0B00711EEF /* Info.plist */ = {isa = PBXFileReference; lastKnownFileType = text.plist.xml; path = Info.plist; sourceTree = "<group>"; };
		E07FB8D51F207F0B00711EEF /* ZFSearchBarViewControllerUITests.xctest */ = {isa = PBXFileReference; explicitFileType = wrapper.cfbundle; includeInIndex = 0; path = ZFSearchBarViewControllerUITests.xctest; sourceTree = BUILT_PRODUCTS_DIR; };
		E07FB8D91F207F0B00711EEF /* ZFSearchBarViewControllerUITests.m */ = {isa = PBXFileReference; lastKnownFileType = sourcecode.c.objc; path = ZFSearchBarViewControllerUITests.m; sourceTree = "<group>"; };
		E07FB8DB1F207F0B00711EEF /* Info.plist */ = {isa = PBXFileReference; lastKnownFileType = text.plist.xml; path = Info.plist; sourceTree = "<group>"; };
		E07FB8EA1F2082F200711EEF /* ZFShowTableViewCell.h */ = {isa = PBXFileReference; fileEncoding = 4; lastKnownFileType = sourcecode.c.h; path = ZFShowTableViewCell.h; sourceTree = "<group>"; };
		E07FB8EB1F2082F200711EEF /* ZFShowTableViewCell.m */ = {isa = PBXFileReference; fileEncoding = 4; lastKnownFileType = sourcecode.c.objc; path = ZFShowTableViewCell.m; sourceTree = "<group>"; };
		E09E4FBC1F2B0E7B005A842A /* ZFLayoutView.h */ = {isa = PBXFileReference; fileEncoding = 4; lastKnownFileType = sourcecode.c.h; path = ZFLayoutView.h; sourceTree = "<group>"; };
		E09E4FBD1F2B0E7B005A842A /* ZFLayoutView.m */ = {isa = PBXFileReference; fileEncoding = 4; lastKnownFileType = sourcecode.c.objc; path = ZFLayoutView.m; sourceTree = "<group>"; };
		E0B318A91F2ED73700E31572 /* ZFHotTableViewCell.h */ = {isa = PBXFileReference; fileEncoding = 4; lastKnownFileType = sourcecode.c.h; path = ZFHotTableViewCell.h; sourceTree = "<group>"; };
		E0B318AA1F2ED73700E31572 /* ZFHotTableViewCell.m */ = {isa = PBXFileReference; fileEncoding = 4; lastKnownFileType = sourcecode.c.objc; path = ZFHotTableViewCell.m; sourceTree = "<group>"; };
		E0EE789C1F30609A00EFC393 /* ZFSearchResultTableViewController.h */ = {isa = PBXFileReference; fileEncoding = 4; lastKnownFileType = sourcecode.c.h; path = ZFSearchResultTableViewController.h; sourceTree = "<group>"; };
		E0EE789D1F30609A00EFC393 /* ZFSearchResultTableViewController.m */ = {isa = PBXFileReference; fileEncoding = 4; lastKnownFileType = sourcecode.c.objc; path = ZFSearchResultTableViewController.m; sourceTree = "<group>"; };
		E0EE789E1F30609A00EFC393 /* ZFSearchViewController.h */ = {isa = PBXFileReference; fileEncoding = 4; lastKnownFileType = sourcecode.c.h; path = ZFSearchViewController.h; sourceTree = "<group>"; };
		E0EE789F1F30609A00EFC393 /* ZFSearchViewController.m */ = {isa = PBXFileReference; fileEncoding = 4; lastKnownFileType = sourcecode.c.objc; path = ZFSearchViewController.m; sourceTree = "<group>"; };
		E0EE78A11F30609A00EFC393 /* ZFCollectionViewCell.h */ = {isa = PBXFileReference; fileEncoding = 4; lastKnownFileType = sourcecode.c.h; path = ZFCollectionViewCell.h; sourceTree = "<group>"; };
		E0EE78A21F30609A00EFC393 /* ZFCollectionViewCell.m */ = {isa = PBXFileReference; fileEncoding = 4; lastKnownFileType = sourcecode.c.objc; path = ZFCollectionViewCell.m; sourceTree = "<group>"; };
		E0EE78A31F30609A00EFC393 /* ZFHeadView.h */ = {isa = PBXFileReference; fileEncoding = 4; lastKnownFileType = sourcecode.c.h; path = ZFHeadView.h; sourceTree = "<group>"; };
		E0EE78A41F30609A00EFC393 /* ZFHeadView.m */ = {isa = PBXFileReference; fileEncoding = 4; lastKnownFileType = sourcecode.c.objc; path = ZFHeadView.m; sourceTree = "<group>"; };
		E0EE78A51F30609A00EFC393 /* ZFSearchConfig.h */ = {isa = PBXFileReference; fileEncoding = 4; lastKnownFileType = sourcecode.c.h; path = ZFSearchConfig.h; sourceTree = "<group>"; };
		E0EE78A61F30609A00EFC393 /* ZFTagCollectionLayout.h */ = {isa = PBXFileReference; fileEncoding = 4; lastKnownFileType = sourcecode.c.h; path = ZFTagCollectionLayout.h; sourceTree = "<group>"; };
		E0EE78A71F30609A00EFC393 /* ZFTagCollectionLayout.m */ = {isa = PBXFileReference; fileEncoding = 4; lastKnownFileType = sourcecode.c.objc; path = ZFTagCollectionLayout.m; sourceTree = "<group>"; };
		E0EE78A91F30609A00EFC393 /* ZFSectionModel.h */ = {isa = PBXFileReference; fileEncoding = 4; lastKnownFileType = sourcecode.c.h; path = ZFSectionModel.h; sourceTree = "<group>"; };
		E0EE78AA1F30609A00EFC393 /* ZFSectionModel.m */ = {isa = PBXFileReference; fileEncoding = 4; lastKnownFileType = sourcecode.c.objc; path = ZFSectionModel.m; sourceTree = "<group>"; };
/* End PBXFileReference section */

/* Begin PBXFrameworksBuildPhase section */
		E07FB8AE1F207F0A00711EEF /* Frameworks */ = {
			isa = PBXFrameworksBuildPhase;
			buildActionMask = 2147483647;
			files = (
			);
			runOnlyForDeploymentPostprocessing = 0;
		};
		E07FB8C71F207F0A00711EEF /* Frameworks */ = {
			isa = PBXFrameworksBuildPhase;
			buildActionMask = 2147483647;
			files = (
			);
			runOnlyForDeploymentPostprocessing = 0;
		};
		E07FB8D21F207F0B00711EEF /* Frameworks */ = {
			isa = PBXFrameworksBuildPhase;
			buildActionMask = 2147483647;
			files = (
			);
			runOnlyForDeploymentPostprocessing = 0;
		};
/* End PBXFrameworksBuildPhase section */

/* Begin PBXGroup section */
		E07FB8A81F207F0A00711EEF = {
			isa = PBXGroup;
			children = (
				E07FB8B31F207F0A00711EEF /* ZFSearchBarViewController */,
				E07FB8CD1F207F0B00711EEF /* ZFSearchBarViewControllerTests */,
				E07FB8D81F207F0B00711EEF /* ZFSearchBarViewControllerUITests */,
				E07FB8B21F207F0A00711EEF /* Products */,
			);
			sourceTree = "<group>";
		};
		E07FB8B21F207F0A00711EEF /* Products */ = {
			isa = PBXGroup;
			children = (
				E07FB8B11F207F0A00711EEF /* ZFSearchBarViewController.app */,
				E07FB8CA1F207F0A00711EEF /* ZFSearchBarViewControllerTests.xctest */,
				E07FB8D51F207F0B00711EEF /* ZFSearchBarViewControllerUITests.xctest */,
			);
			name = Products;
			sourceTree = "<group>";
		};
		E07FB8B31F207F0A00711EEF /* ZFSearchBarViewController */ = {
			isa = PBXGroup;
			children = (
				E0EE789A1F30609A00EFC393 /* SearchSDK */,
				E07FB8B71F207F0A00711EEF /* AppDelegate.h */,
				E07FB8B81F207F0A00711EEF /* AppDelegate.m */,
				E07FB8BA1F207F0A00711EEF /* ViewController.h */,
				E07FB8BB1F207F0A00711EEF /* ViewController.m */,
				E09E4FBC1F2B0E7B005A842A /* ZFLayoutView.h */,
				E09E4FBD1F2B0E7B005A842A /* ZFLayoutView.m */,
				E016E3D11F298D6C00E97567 /* ZFCollectionViewFlowLayout.h */,
				E016E3D21F298D6C00E97567 /* ZFCollectionViewFlowLayout.m */,
				E07FB8EA1F2082F200711EEF /* ZFShowTableViewCell.h */,
				E07FB8EB1F2082F200711EEF /* ZFShowTableViewCell.m */,
				E0B318A91F2ED73700E31572 /* ZFHotTableViewCell.h */,
				E0B318AA1F2ED73700E31572 /* ZFHotTableViewCell.m */,
				E07FB8BD1F207F0A00711EEF /* Main.storyboard */,
				E07FB8C01F207F0A00711EEF /* Assets.xcassets */,
				E07FB8C21F207F0A00711EEF /* LaunchScreen.storyboard */,
				E07FB8C51F207F0A00711EEF /* Info.plist */,
				E07FB8B41F207F0A00711EEF /* Supporting Files */,
			);
			path = ZFSearchBarViewController;
			sourceTree = "<group>";
		};
		E07FB8B41F207F0A00711EEF /* Supporting Files */ = {
			isa = PBXGroup;
			children = (
				E07FB8B51F207F0A00711EEF /* main.m */,
			);
			name = "Supporting Files";
			sourceTree = "<group>";
		};
		E07FB8CD1F207F0B00711EEF /* ZFSearchBarViewControllerTests */ = {
			isa = PBXGroup;
			children = (
				E07FB8CE1F207F0B00711EEF /* ZFSearchBarViewControllerTests.m */,
				E07FB8D01F207F0B00711EEF /* Info.plist */,
			);
			path = ZFSearchBarViewControllerTests;
			sourceTree = "<group>";
		};
		E07FB8D81F207F0B00711EEF /* ZFSearchBarViewControllerUITests */ = {
			isa = PBXGroup;
			children = (
				E07FB8D91F207F0B00711EEF /* ZFSearchBarViewControllerUITests.m */,
				E07FB8DB1F207F0B00711EEF /* Info.plist */,
			);
			path = ZFSearchBarViewControllerUITests;
			sourceTree = "<group>";
		};
		E0EE789A1F30609A00EFC393 /* SearchSDK */ = {
			isa = PBXGroup;
			children = (
				E0EE789B1F30609A00EFC393 /* Controller */,
				E0EE78A01F30609A00EFC393 /* View */,
				E0EE78A81F30609A00EFC393 /* ViewModel */,
			);
			path = SearchSDK;
			sourceTree = "<group>";
		};
		E0EE789B1F30609A00EFC393 /* Controller */ = {
			isa = PBXGroup;
			children = (
				E0EE789C1F30609A00EFC393 /* ZFSearchResultTableViewController.h */,
				E0EE789D1F30609A00EFC393 /* ZFSearchResultTableViewController.m */,
				E0EE789E1F30609A00EFC393 /* ZFSearchViewController.h */,
				E0EE789F1F30609A00EFC393 /* ZFSearchViewController.m */,
			);
			path = Controller;
			sourceTree = "<group>";
		};
		E0EE78A01F30609A00EFC393 /* View */ = {
			isa = PBXGroup;
			children = (
				E0EE78A11F30609A00EFC393 /* ZFCollectionViewCell.h */,
				E0EE78A21F30609A00EFC393 /* ZFCollectionViewCell.m */,
				E0EE78A31F30609A00EFC393 /* ZFHeadView.h */,
				E0EE78A41F30609A00EFC393 /* ZFHeadView.m */,
				E0EE78A51F30609A00EFC393 /* ZFSearchConfig.h */,
				E0EE78A61F30609A00EFC393 /* ZFTagCollectionLayout.h */,
				E0EE78A71F30609A00EFC393 /* ZFTagCollectionLayout.m */,
			);
			path = View;
			sourceTree = "<group>";
		};
		E0EE78A81F30609A00EFC393 /* ViewModel */ = {
			isa = PBXGroup;
			children = (
				E0EE78A91F30609A00EFC393 /* ZFSectionModel.h */,
				E0EE78AA1F30609A00EFC393 /* ZFSectionModel.m */,
			);
			path = ViewModel;
			sourceTree = "<group>";
		};
/* End PBXGroup section */

/* Begin PBXNativeTarget section */
		E07FB8B01F207F0A00711EEF /* ZFSearchBarViewController */ = {
			isa = PBXNativeTarget;
			buildConfigurationList = E07FB8DE1F207F0B00711EEF /* Build configuration list for PBXNativeTarget "ZFSearchBarViewController" */;
			buildPhases = (
				E07FB8AD1F207F0A00711EEF /* Sources */,
				E07FB8AE1F207F0A00711EEF /* Frameworks */,
				E07FB8AF1F207F0A00711EEF /* Resources */,
			);
			buildRules = (
			);
			dependencies = (
			);
			name = ZFSearchBarViewController;
			productName = ZFSearchBarViewController;
			productReference = E07FB8B11F207F0A00711EEF /* ZFSearchBarViewController.app */;
			productType = "com.apple.product-type.application";
		};
		E07FB8C91F207F0A00711EEF /* ZFSearchBarViewControllerTests */ = {
			isa = PBXNativeTarget;
			buildConfigurationList = E07FB8E11F207F0B00711EEF /* Build configuration list for PBXNativeTarget "ZFSearchBarViewControllerTests" */;
			buildPhases = (
				E07FB8C61F207F0A00711EEF /* Sources */,
				E07FB8C71F207F0A00711EEF /* Frameworks */,
				E07FB8C81F207F0A00711EEF /* Resources */,
			);
			buildRules = (
			);
			dependencies = (
				E07FB8CC1F207F0A00711EEF /* PBXTargetDependency */,
			);
			name = ZFSearchBarViewControllerTests;
			productName = ZFSearchBarViewControllerTests;
			productReference = E07FB8CA1F207F0A00711EEF /* ZFSearchBarViewControllerTests.xctest */;
			productType = "com.apple.product-type.bundle.unit-test";
		};
		E07FB8D41F207F0B00711EEF /* ZFSearchBarViewControllerUITests */ = {
			isa = PBXNativeTarget;
			buildConfigurationList = E07FB8E41F207F0B00711EEF /* Build configuration list for PBXNativeTarget "ZFSearchBarViewControllerUITests" */;
			buildPhases = (
				E07FB8D11F207F0B00711EEF /* Sources */,
				E07FB8D21F207F0B00711EEF /* Frameworks */,
				E07FB8D31F207F0B00711EEF /* Resources */,
			);
			buildRules = (
			);
			dependencies = (
				E07FB8D71F207F0B00711EEF /* PBXTargetDependency */,
			);
			name = ZFSearchBarViewControllerUITests;
			productName = ZFSearchBarViewControllerUITests;
			productReference = E07FB8D51F207F0B00711EEF /* ZFSearchBarViewControllerUITests.xctest */;
			productType = "com.apple.product-type.bundle.ui-testing";
		};
/* End PBXNativeTarget section */

/* Begin PBXProject section */
		E07FB8A91F207F0A00711EEF /* Project object */ = {
			isa = PBXProject;
			attributes = {
				LastUpgradeCheck = 0830;
				ORGANIZATIONNAME = "林再飞";
				TargetAttributes = {
					E07FB8B01F207F0A00711EEF = {
						CreatedOnToolsVersion = 8.3.3;
						DevelopmentTeam = L6U8P6EVQF;
						ProvisioningStyle = Automatic;
					};
					E07FB8C91F207F0A00711EEF = {
						CreatedOnToolsVersion = 8.3.3;
						DevelopmentTeam = L6U8P6EVQF;
						ProvisioningStyle = Automatic;
						TestTargetID = E07FB8B01F207F0A00711EEF;
					};
					E07FB8D41F207F0B00711EEF = {
						CreatedOnToolsVersion = 8.3.3;
						DevelopmentTeam = L6U8P6EVQF;
						ProvisioningStyle = Automatic;
						TestTargetID = E07FB8B01F207F0A00711EEF;
					};
				};
			};
			buildConfigurationList = E07FB8AC1F207F0A00711EEF /* Build configuration list for PBXProject "ZFSearchBarViewController" */;
			compatibilityVersion = "Xcode 3.2";
			developmentRegion = English;
			hasScannedForEncodings = 0;
			knownRegions = (
				en,
				Base,
			);
			mainGroup = E07FB8A81F207F0A00711EEF;
			productRefGroup = E07FB8B21F207F0A00711EEF /* Products */;
			projectDirPath = "";
			projectRoot = "";
			targets = (
				E07FB8B01F207F0A00711EEF /* ZFSearchBarViewController */,
				E07FB8C91F207F0A00711EEF /* ZFSearchBarViewControllerTests */,
				E07FB8D41F207F0B00711EEF /* ZFSearchBarViewControllerUITests */,
			);
		};
/* End PBXProject section */

/* Begin PBXResourcesBuildPhase section */
		E07FB8AF1F207F0A00711EEF /* Resources */ = {
			isa = PBXResourcesBuildPhase;
			buildActionMask = 2147483647;
			files = (
				E07FB8C41F207F0A00711EEF /* LaunchScreen.storyboard in Resources */,
				E07FB8C11F207F0A00711EEF /* Assets.xcassets in Resources */,
				E07FB8BF1F207F0A00711EEF /* Main.storyboard in Resources */,
			);
			runOnlyForDeploymentPostprocessing = 0;
		};
		E07FB8C81F207F0A00711EEF /* Resources */ = {
			isa = PBXResourcesBuildPhase;
			buildActionMask = 2147483647;
			files = (
			);
			runOnlyForDeploymentPostprocessing = 0;
		};
		E07FB8D31F207F0B00711EEF /* Resources */ = {
			isa = PBXResourcesBuildPhase;
			buildActionMask = 2147483647;
			files = (
			);
			runOnlyForDeploymentPostprocessing = 0;
		};
/* End PBXResourcesBuildPhase section */

/* Begin PBXSourcesBuildPhase section */
		E07FB8AD1F207F0A00711EEF /* Sources */ = {
			isa = PBXSourcesBuildPhase;
			buildActionMask = 2147483647;
			files = (
				E0EE78AF1F30609A00EFC393 /* ZFTagCollectionLayout.m in Sources */,
				E0B318AB1F2ED73700E31572 /* ZFHotTableViewCell.m in Sources */,
				E07FB8BC1F207F0A00711EEF /* ViewController.m in Sources */,
				E0EE78AB1F30609A00EFC393 /* ZFSearchResultTableViewController.m in Sources */,
				E07FB8B91F207F0A00711EEF /* AppDelegate.m in Sources */,
				E09E4FBE1F2B0E7B005A842A /* ZFLayoutView.m in Sources */,
				E07FB8B61F207F0A00711EEF /* main.m in Sources */,
				E0EE78AD1F30609A00EFC393 /* ZFCollectionViewCell.m in Sources */,
				E0EE78AE1F30609A00EFC393 /* ZFHeadView.m in Sources */,
				E016E3D31F298D6C00E97567 /* ZFCollectionViewFlowLayout.m in Sources */,
				E07FB8EC1F2082F200711EEF /* ZFShowTableViewCell.m in Sources */,
				E0EE78AC1F30609A00EFC393 /* ZFSearchViewController.m in Sources */,
				E0EE78B01F30609A00EFC393 /* ZFSectionModel.m in Sources */,
			);
			runOnlyForDeploymentPostprocessing = 0;
		};
		E07FB8C61F207F0A00711EEF /* Sources */ = {
			isa = PBXSourcesBuildPhase;
			buildActionMask = 2147483647;
			files = (
				E07FB8CF1F207F0B00711EEF /* ZFSearchBarViewControllerTests.m in Sources */,
			);
			runOnlyForDeploymentPostprocessing = 0;
		};
		E07FB8D11F207F0B00711EEF /* Sources */ = {
			isa = PBXSourcesBuildPhase;
			buildActionMask = 2147483647;
			files = (
				E07FB8DA1F207F0B00711EEF /* ZFSearchBarViewControllerUITests.m in Sources */,
			);
			runOnlyForDeploymentPostprocessing = 0;
		};
/* End PBXSourcesBuildPhase section */

/* Begin PBXTargetDependency section */
		E07FB8CC1F207F0A00711EEF /* PBXTargetDependency */ = {
			isa = PBXTargetDependency;
			target = E07FB8B01F207F0A00711EEF /* ZFSearchBarViewController */;
			targetProxy = E07FB8CB1F207F0A00711EEF /* PBXContainerItemProxy */;
		};
		E07FB8D71F207F0B00711EEF /* PBXTargetDependency */ = {
			isa = PBXTargetDependency;
			target = E07FB8B01F207F0A00711EEF /* ZFSearchBarViewController */;
			targetProxy = E07FB8D61F207F0B00711EEF /* PBXContainerItemProxy */;
		};
/* End PBXTargetDependency section */

/* Begin PBXVariantGroup section */
		E07FB8BD1F207F0A00711EEF /* Main.storyboard */ = {
			isa = PBXVariantGroup;
			children = (
				E07FB8BE1F207F0A00711EEF /* Base */,
			);
			name = Main.storyboard;
			sourceTree = "<group>";
		};
		E07FB8C21F207F0A00711EEF /* LaunchScreen.storyboard */ = {
			isa = PBXVariantGroup;
			children = (
				E07FB8C31F207F0A00711EEF /* Base */,
			);
			name = LaunchScreen.storyboard;
			sourceTree = "<group>";
		};
/* End PBXVariantGroup section */

/* Begin XCBuildConfiguration section */
		E07FB8DC1F207F0B00711EEF /* Debug */ = {
			isa = XCBuildConfiguration;
			buildSettings = {
				ALWAYS_SEARCH_USER_PATHS = NO;
				CLANG_ANALYZER_NONNULL = YES;
				CLANG_ANALYZER_NUMBER_OBJECT_CONVERSION = YES_AGGRESSIVE;
				CLANG_CXX_LANGUAGE_STANDARD = "gnu++0x";
				CLANG_CXX_LIBRARY = "libc++";
				CLANG_ENABLE_MODULES = YES;
				CLANG_ENABLE_OBJC_ARC = YES;
				CLANG_WARN_BOOL_CONVERSION = YES;
				CLANG_WARN_CONSTANT_CONVERSION = YES;
				CLANG_WARN_DIRECT_OBJC_ISA_USAGE = YES_ERROR;
				CLANG_WARN_DOCUMENTATION_COMMENTS = YES;
				CLANG_WARN_EMPTY_BODY = YES;
				CLANG_WARN_ENUM_CONVERSION = YES;
				CLANG_WARN_INFINITE_RECURSION = YES;
				CLANG_WARN_INT_CONVERSION = YES;
				CLANG_WARN_OBJC_ROOT_CLASS = YES_ERROR;
				CLANG_WARN_SUSPICIOUS_MOVE = YES;
				CLANG_WARN_UNREACHABLE_CODE = YES;
				CLANG_WARN__DUPLICATE_METHOD_MATCH = YES;
				"CODE_SIGN_IDENTITY[sdk=iphoneos*]" = "iPhone Developer";
				COPY_PHASE_STRIP = NO;
				DEBUG_INFORMATION_FORMAT = dwarf;
				ENABLE_STRICT_OBJC_MSGSEND = YES;
				ENABLE_TESTABILITY = YES;
				GCC_C_LANGUAGE_STANDARD = gnu99;
				GCC_DYNAMIC_NO_PIC = NO;
				GCC_NO_COMMON_BLOCKS = YES;
				GCC_OPTIMIZATION_LEVEL = 0;
				GCC_PREPROCESSOR_DEFINITIONS = (
					"DEBUG=1",
					"$(inherited)",
				);
				GCC_WARN_64_TO_32_BIT_CONVERSION = YES;
				GCC_WARN_ABOUT_RETURN_TYPE = YES_ERROR;
				GCC_WARN_UNDECLARED_SELECTOR = YES;
				GCC_WARN_UNINITIALIZED_AUTOS = YES_AGGRESSIVE;
				GCC_WARN_UNUSED_FUNCTION = YES;
				GCC_WARN_UNUSED_VARIABLE = YES;
				IPHONEOS_DEPLOYMENT_TARGET = 10.3;
				MTL_ENABLE_DEBUG_INFO = YES;
				ONLY_ACTIVE_ARCH = YES;
				SDKROOT = iphoneos;
			};
			name = Debug;
		};
		E07FB8DD1F207F0B00711EEF /* Release */ = {
			isa = XCBuildConfiguration;
			buildSettings = {
				ALWAYS_SEARCH_USER_PATHS = NO;
				CLANG_ANALYZER_NONNULL = YES;
				CLANG_ANALYZER_NUMBER_OBJECT_CONVERSION = YES_AGGRESSIVE;
				CLANG_CXX_LANGUAGE_STANDARD = "gnu++0x";
				CLANG_CXX_LIBRARY = "libc++";
				CLANG_ENABLE_MODULES = YES;
				CLANG_ENABLE_OBJC_ARC = YES;
				CLANG_WARN_BOOL_CONVERSION = YES;
				CLANG_WARN_CONSTANT_CONVERSION = YES;
				CLANG_WARN_DIRECT_OBJC_ISA_USAGE = YES_ERROR;
				CLANG_WARN_DOCUMENTATION_COMMENTS = YES;
				CLANG_WARN_EMPTY_BODY = YES;
				CLANG_WARN_ENUM_CONVERSION = YES;
				CLANG_WARN_INFINITE_RECURSION = YES;
				CLANG_WARN_INT_CONVERSION = YES;
				CLANG_WARN_OBJC_ROOT_CLASS = YES_ERROR;
				CLANG_WARN_SUSPICIOUS_MOVE = YES;
				CLANG_WARN_UNREACHABLE_CODE = YES;
				CLANG_WARN__DUPLICATE_METHOD_MATCH = YES;
				"CODE_SIGN_IDENTITY[sdk=iphoneos*]" = "iPhone Developer";
				COPY_PHASE_STRIP = NO;
				DEBUG_INFORMATION_FORMAT = "dwarf-with-dsym";
				ENABLE_NS_ASSERTIONS = NO;
				ENABLE_STRICT_OBJC_MSGSEND = YES;
				GCC_C_LANGUAGE_STANDARD = gnu99;
				GCC_NO_COMMON_BLOCKS = YES;
				GCC_WARN_64_TO_32_BIT_CONVERSION = YES;
				GCC_WARN_ABOUT_RETURN_TYPE = YES_ERROR;
				GCC_WARN_UNDECLARED_SELECTOR = YES;
				GCC_WARN_UNINITIALIZED_AUTOS = YES_AGGRESSIVE;
				GCC_WARN_UNUSED_FUNCTION = YES;
				GCC_WARN_UNUSED_VARIABLE = YES;
				IPHONEOS_DEPLOYMENT_TARGET = 10.3;
				MTL_ENABLE_DEBUG_INFO = NO;
				SDKROOT = iphoneos;
				VALIDATE_PRODUCT = YES;
			};
			name = Release;
		};
		E07FB8DF1F207F0B00711EEF /* Debug */ = {
			isa = XCBuildConfiguration;
			buildSettings = {
				ASSETCATALOG_COMPILER_APPICON_NAME = AppIcon;
				DEVELOPMENT_TEAM = L6U8P6EVQF;
				INFOPLIST_FILE = ZFSearchBarViewController/Info.plist;
				IPHONEOS_DEPLOYMENT_TARGET = 9.1;
				LD_RUNPATH_SEARCH_PATHS = "$(inherited) @executable_path/Frameworks";
				PRODUCT_BUNDLE_IDENTIFIER = linzaifei.ZFSearchBarViewController;
				PRODUCT_NAME = "$(TARGET_NAME)";
			};
			name = Debug;
		};
		E07FB8E01F207F0B00711EEF /* Release */ = {
			isa = XCBuildConfiguration;
			buildSettings = {
				ASSETCATALOG_COMPILER_APPICON_NAME = AppIcon;
				DEVELOPMENT_TEAM = L6U8P6EVQF;
				INFOPLIST_FILE = ZFSearchBarViewController/Info.plist;
				IPHONEOS_DEPLOYMENT_TARGET = 9.1;
				LD_RUNPATH_SEARCH_PATHS = "$(inherited) @executable_path/Frameworks";
				PRODUCT_BUNDLE_IDENTIFIER = linzaifei.ZFSearchBarViewController;
				PRODUCT_NAME = "$(TARGET_NAME)";
			};
			name = Release;
		};
		E07FB8E21F207F0B00711EEF /* Debug */ = {
			isa = XCBuildConfiguration;
			buildSettings = {
				BUNDLE_LOADER = "$(TEST_HOST)";
				DEVELOPMENT_TEAM = L6U8P6EVQF;
				INFOPLIST_FILE = ZFSearchBarViewControllerTests/Info.plist;
				LD_RUNPATH_SEARCH_PATHS = "$(inherited) @executable_path/Frameworks @loader_path/Frameworks";
				PRODUCT_BUNDLE_IDENTIFIER = linzaifei.ZFSearchBarViewControllerTests;
				PRODUCT_NAME = "$(TARGET_NAME)";
				TEST_HOST = "$(BUILT_PRODUCTS_DIR)/ZFSearchBarViewController.app/ZFSearchBarViewController";
			};
			name = Debug;
		};
		E07FB8E31F207F0B00711EEF /* Release */ = {
			isa = XCBuildConfiguration;
			buildSettings = {
				BUNDLE_LOADER = "$(TEST_HOST)";
				DEVELOPMENT_TEAM = L6U8P6EVQF;
				INFOPLIST_FILE = ZFSearchBarViewControllerTests/Info.plist;
				LD_RUNPATH_SEARCH_PATHS = "$(inherited) @executable_path/Frameworks @loader_path/Frameworks";
				PRODUCT_BUNDLE_IDENTIFIER = linzaifei.ZFSearchBarViewControllerTests;
				PRODUCT_NAME = "$(TARGET_NAME)";
				TEST_HOST = "$(BUILT_PRODUCTS_DIR)/ZFSearchBarViewController.app/ZFSearchBarViewController";
			};
			name = Release;
		};
		E07FB8E51F207F0B00711EEF /* Debug */ = {
			isa = XCBuildConfiguration;
			buildSettings = {
				DEVELOPMENT_TEAM = L6U8P6EVQF;
				INFOPLIST_FILE = ZFSearchBarViewControllerUITests/Info.plist;
				LD_RUNPATH_SEARCH_PATHS = "$(inherited) @executable_path/Frameworks @loader_path/Frameworks";
				PRODUCT_BUNDLE_IDENTIFIER = linzaifei.ZFSearchBarViewControllerUITests;
				PRODUCT_NAME = "$(TARGET_NAME)";
				TEST_TARGET_NAME = ZFSearchBarViewController;
			};
			name = Debug;
		};
		E07FB8E61F207F0B00711EEF /* Release */ = {
			isa = XCBuildConfiguration;
			buildSettings = {
				DEVELOPMENT_TEAM = L6U8P6EVQF;
				INFOPLIST_FILE = ZFSearchBarViewControllerUITests/Info.plist;
				LD_RUNPATH_SEARCH_PATHS = "$(inherited) @executable_path/Frameworks @loader_path/Frameworks";
				PRODUCT_BUNDLE_IDENTIFIER = linzaifei.ZFSearchBarViewControllerUITests;
				PRODUCT_NAME = "$(TARGET_NAME)";
				TEST_TARGET_NAME = ZFSearchBarViewController;
			};
			name = Release;
		};
/* End XCBuildConfiguration section */

/* Begin XCConfigurationList section */
		E07FB8AC1F207F0A00711EEF /* Build configuration list for PBXProject "ZFSearchBarViewController" */ = {
			isa = XCConfigurationList;
			buildConfigurations = (
				E07FB8DC1F207F0B00711EEF /* Debug */,
				E07FB8DD1F207F0B00711EEF /* Release */,
			);
			defaultConfigurationIsVisible = 0;
			defaultConfigurationName = Release;
		};
		E07FB8DE1F207F0B00711EEF /* Build configuration list for PBXNativeTarget "ZFSearchBarViewController" */ = {
			isa = XCConfigurationList;
			buildConfigurations = (
				E07FB8DF1F207F0B00711EEF /* Debug */,
				E07FB8E01F207F0B00711EEF /* Release */,
			);
			defaultConfigurationIsVisible = 0;
			defaultConfigurationName = Release;
		};
		E07FB8E11F207F0B00711EEF /* Build configuration list for PBXNativeTarget "ZFSearchBarViewControllerTests" */ = {
			isa = XCConfigurationList;
			buildConfigurations = (
				E07FB8E21F207F0B00711EEF /* Debug */,
				E07FB8E31F207F0B00711EEF /* Release */,
			);
			defaultConfigurationIsVisible = 0;
			defaultConfigurationName = Release;
		};
		E07FB8E41F207F0B00711EEF /* Build configuration list for PBXNativeTarget "ZFSearchBarViewControllerUITests" */ = {
			isa = XCConfigurationList;
			buildConfigurations = (
				E07FB8E51F207F0B00711EEF /* Debug */,
				E07FB8E61F207F0B00711EEF /* Release */,
			);
			defaultConfigurationIsVisible = 0;
			defaultConfigurationName = Release;
		};
/* End XCConfigurationList section */
	};
	rootObject = E07FB8A91F207F0A00711EEF /* Project object */;
}
